
Microsoft Visual Studio Solution File, Format Version 12.00
# Visual Studio 15
VisualStudioVersion = 15.0.28307.572
MinimumVisualStudioVersion = 10.0.40219.1
Project("{FAE04EC0-301F-11D3-BF4B-00C04F79EFBC}") = "david ndlovu", "david ndlovu\david ndlovu.csproj", "{990C36F7-19A3-4256-B85D-5B3A1050449D}"
	ProjectSection(ProjectDependencies) = postProject
		{D3C3B042-5657-4FE4-B959-33FC12BDBC72} = {D3C3B042-5657-4FE4-B959-33FC12BDBC72}
	EndProjectSection
EndProject
Project("{FAE04EC0-301F-11D3-BF4B-00C04F79EFBC}") = "ReplicationServiceApplication", "ReplicationServiceApplication\ReplicationServiceApplication.csproj", "{D3C3B042-5657-4FE4-B959-33FC12BDBC72}"
EndProject
Global
	GlobalSection(SolutionConfigurationPlatforms) = preSolution
		Debug|Any CPU = Debug|Any CPU
		Release|Any CPU = Release|Any CPU
	EndGlobalSection
	GlobalSection(ProjectConfigurationPlatforms) = postSolution
		{990C36F7-19A3-4256-B85D-5B3A1050449D}.Debug|Any CPU.ActiveCfg = Debug|Any CPU
		{990C36F7-19A3-4256-B85D-5B3A1050449D}.Debug|Any CPU.Build.0 = Debug|Any CPU
		{990C36F7-19A3-4256-B85D-5B3A1050449D}.Release|Any CPU.ActiveCfg = Release|Any CPU
		{990C36F7-19A3-4256-B85D-5B3A1050449D}.Release|Any CPU.Build.0 = Release|Any CPU
		{D3C3B042-5657-4FE4-B959-33FC12BDBC72}.Debug|Any CPU.ActiveCfg = Debug|Any CPU
		{D3C3B042-5657-4FE4-B959-33FC12BDBC72}.Debug|Any CPU.Build.0 = Debug|Any CPU
		{D3C3B042-5657-4FE4-B959-33FC12BDBC72}.Release|Any CPU.ActiveCfg = Release|Any CPU
		{D3C3B042-5657-4FE4-B959-33FC12BDBC72}.Release|Any CPU.Build.0 = Release|Any CPU
	EndGlobalSection
	GlobalSection(SolutionProperties) = preSolution
		HideSolutionNode = FALSE
	EndGlobalSection
	GlobalSection(ExtensibilityGlobals) = postSolution
		SolutionGuid = {2E410366-0CC2-41E6-8E79-C876070CA791}
	EndGlobalSection
EndGlobal
